
Microsoft Visual Studio Solution File, Format Version 12.00
# Visual Studio Version 16
VisualStudioVersion = 16.0.31424.327
MinimumVisualStudioVersion = 10.0.40219.1
Project("{FAE04EC0-301F-11D3-BF4B-00C04F79EFBC}") = "HUIMining", "HUIMining\HUIMining.csproj", "{494FD395-2B4B-4353-BF2D-53FD36E38A09}"
EndProject
Global
	GlobalSection(SolutionConfigurationPlatforms) = preSolution
		Debug|Any CPU = Debug|Any CPU
		Release|Any CPU = Release|Any CPU
	EndGlobalSection
	GlobalSection(ProjectConfigurationPlatforms) = postSolution
		{494FD395-2B4B-4353-BF2D-53FD36E38A09}.Debug|Any CPU.ActiveCfg = Debug|Any CPU
		{494FD395-2B4B-4353-BF2D-53FD36E38A09}.Debug|Any CPU.Build.0 = Debug|Any CPU
		{494FD395-2B4B-4353-BF2D-53FD36E38A09}.Release|Any CPU.ActiveCfg = Release|Any CPU
		{494FD395-2B4B-4353-BF2D-53FD36E38A09}.Release|Any CPU.Build.0 = Release|Any CPU
	EndGlobalSection
	GlobalSection(SolutionProperties) = preSolution
		HideSolutionNode = FALSE
	EndGlobalSection
	GlobalSection(ExtensibilityGlobals) = postSolution
		SolutionGuid = {25004234-E58A-4A69-A7D6-83F57A7F3801}
	EndGlobalSection
EndGlobal
